
Microsoft Visual Studio Solution File, Format Version 12.00
# Visual Studio Version 17
VisualStudioVersion = 17.7.34024.191
MinimumVisualStudioVersion = 10.0.40219.1
Project("{FAE04EC0-301F-11D3-BF4B-00C04F79EFBC}") = "csharp-abstract-animals", "csharp-abstract-animals\csharp-abstract-animals.csproj", "{6C19D367-FC1A-4566-971F-01DD4ED9C346}"
EndProject
Global
	GlobalSection(SolutionConfigurationPlatforms) = preSolution
		Debug|Any CPU = Debug|Any CPU
		Release|Any CPU = Release|Any CPU
	EndGlobalSection
	GlobalSection(ProjectConfigurationPlatforms) = postSolution
		{6C19D367-FC1A-4566-971F-01DD4ED9C346}.Debug|Any CPU.ActiveCfg = Debug|Any CPU
		{6C19D367-FC1A-4566-971F-01DD4ED9C346}.Debug|Any CPU.Build.0 = Debug|Any CPU
		{6C19D367-FC1A-4566-971F-01DD4ED9C346}.Release|Any CPU.ActiveCfg = Release|Any CPU
		{6C19D367-FC1A-4566-971F-01DD4ED9C346}.Release|Any CPU.Build.0 = Release|Any CPU
	EndGlobalSection
	GlobalSection(SolutionProperties) = preSolution
		HideSolutionNode = FALSE
	EndGlobalSection
	GlobalSection(ExtensibilityGlobals) = postSolution
		SolutionGuid = {A6A00908-C58C-4463-BF46-C00D53692938}
	EndGlobalSection
EndGlobal
